
Microsoft Visual Studio Solution File, Format Version 12.00
# Visual Studio Version 17
VisualStudioVersion = 17.14.36603.0 d17.14
MinimumVisualStudioVersion = 10.0.40219.1
Project("{8BC9CEB8-8B4A-11D0-8D11-00A0C91BC942}") = "chessProject", "chessProject\chessProject.vcxproj", "{16951492-26D9-4F15-AD4E-017EBCA334DD}"
EndProject
Global
	GlobalSection(SolutionConfigurationPlatforms) = preSolution
		Debug|x64 = Debug|x64
		Debug|x86 = Debug|x86
		Release|x64 = Release|x64
		Release|x86 = Release|x86
	EndGlobalSection
	GlobalSection(ProjectConfigurationPlatforms) = postSolution
		{16951492-26D9-4F15-AD4E-017EBCA334DD}.Debug|x64.ActiveCfg = Debug|x64
		{16951492-26D9-4F15-AD4E-017EBCA334DD}.Debug|x64.Build.0 = Debug|x64
		{16951492-26D9-4F15-AD4E-017EBCA334DD}.Debug|x86.ActiveCfg = Debug|Win32
		{16951492-26D9-4F15-AD4E-017EBCA334DD}.Debug|x86.Build.0 = Debug|Win32
		{16951492-26D9-4F15-AD4E-017EBCA334DD}.Release|x64.ActiveCfg = Release|x64
		{16951492-26D9-4F15-AD4E-017EBCA334DD}.Release|x64.Build.0 = Release|x64
		{16951492-26D9-4F15-AD4E-017EBCA334DD}.Release|x86.ActiveCfg = Release|Win32
		{16951492-26D9-4F15-AD4E-017EBCA334DD}.Release|x86.Build.0 = Release|Win32
	EndGlobalSection
	GlobalSection(SolutionProperties) = preSolution
		HideSolutionNode = FALSE
	EndGlobalSection
	GlobalSection(ExtensibilityGlobals) = postSolution
		SolutionGuid = {37A707D2-BB7E-4B74-9942-76DD624EB075}
	EndGlobalSection
EndGlobal
