<?xml version="1.0" encoding="utf-8"?>
<Project ToolsVersion="4.0" xmlns="http://schemas.microsoft.com/developer/msbuild/2003">
  <ItemGroup>
    <Filter Include="Source Files">
      <UniqueIdentifier>{4FC737F1-C7A5-4376-A066-2A32D752A2FF}</UniqueIdentifier>
      <Extensions>cpp;c;cc;cxx;c++;cppm;ixx;def;odl;idl;hpj;bat;asm;asmx</Extensions>
    </Filter>
    <Filter Include="Header Files">
      <UniqueIdentifier>{93995380-89BD-4b04-88EB-625FBE52EBFB}</UniqueIdentifier>
      <Extensions>h;hh;hpp;hxx;h++;hm;inl;inc;ipp;xsd</Extensions>
    </Filter>
    <Filter Include="Resource Files">
      <UniqueIdentifier>{67DA6AB6-F800-4c08-8B7A-83BB121AAD01}</UniqueIdentifier>
      <Extensions>rc;ico;cur;bmp;dlg;rc2;rct;bin;rgs;gif;jpg;jpeg;jpe;resx;tiff;tif;png;wav;mfcribbon-ms</Extensions>
    </Filter>
  </ItemGroup>
  <ItemGroup>
    <ClInclude Include="board.h">
      <Filter>Source Files</Filter>
    </ClInclude>
    <ClInclude Include="Position.h">
      <Filter>Source Files</Filter>
    </ClInclude>
    <ClInclude Include="Move.h">
      <Filter>Source Files</Filter>
    </ClInclude>
    <ClInclude Include="Game.h">
      <Filter>Source Files</Filter>
    </ClInclude>
    <ClInclude Include="Color.h">
      <Filter>Source Files</Filter>
    </ClInclude>
    <ClInclude Include="..\..\ChessProject\Bishop.h">
      <Filter>Source Files</Filter>
    </ClInclude>
    <ClInclude Include="..\..\ChessProject\board.h">
      <Filter>Source Files</Filter>
    </ClInclude>
    <ClInclude Include="..\..\ChessProject\King.h">
      <Filter>Source Files</Filter>
    </ClInclude>
    <ClInclude Include="..\..\ChessProject\Knight.h">
      <Filter>Source Files</Filter>
    </ClInclude>
    <ClInclude Include="..\..\ChessProject\Pawn.h">
      <Filter>Source Files</Filter>
    </ClInclude>
    <ClInclude Include="..\..\ChessProject\Rook.h">
      <Filter>Source Files</Filter>
    </ClInclude>
    <ClInclude Include="..\..\ChessProject\Square.h">
      <Filter>Source Files</Filter>
    </ClInclude>
    <ClInclude Include="..\..\ChessProject\Piece.h">
      <Filter>Source Files</Filter>
    </ClInclude>
    <ClInclude Include="..\..\ChessProject\Queen.h">
      <Filter>Source Files</Filter>
    </ClInclude>
    <ClInclude Include="..\..\ChessProject\קבצים נלווים\Pipe.h">
      <Filter>Source Files</Filter>
    </ClInclude>
    <ClInclude Include="..\..\ChessProject\קבצים נלווים\stdafx.h">
      <Filter>Source Files</Filter>
    </ClInclude>
    <ClInclude Include="..\..\ChessProject\קבצים נלווים\targetver.h">
      <Filter>Source Files</Filter>
    </ClInclude>
  </ItemGroup>
  <ItemGroup>
    <ClCompile Include="board.cpp">
      <Filter>Source Files</Filter>
    </ClCompile>
    <ClCompile Include="Position.cpp">
      <Filter>Source Files</Filter>
    </ClCompile>
    <ClCompile Include="..\..\ChessProject\Bishop.cpp">
      <Filter>Source Files</Filter>
    </ClCompile>
    <ClCompile Include="..\..\ChessProject\board.cpp">
      <Filter>Source Files</Filter>
    </ClCompile>
    <ClCompile Include="..\..\ChessProject\King.cpp">
      <Filter>Source Files</Filter>
    </ClCompile>
    <ClCompile Include="..\..\ChessProject\Knight.cpp">
      <Filter>Source Files</Filter>
    </ClCompile>
    <ClCompile Include="..\..\ChessProject\Move.cpp">
      <Filter>Source Files</Filter>
    </ClCompile>
    <ClCompile Include="..\..\ChessProject\Pawn.cpp">
      <Filter>Source Files</Filter>
    </ClCompile>
    <ClCompile Include="..\..\ChessProject\hghghh.cpp">
      <Filter>Source Files</Filter>
    </ClCompile>
    <ClCompile Include="..\..\ChessProject\Rook.cpp">
      <Filter>Source Files</Filter>
    </ClCompile>
    <ClCompile Include="..\..\ChessProject\Square.cpp">
      <Filter>Source Files</Filter>
    </ClCompile>
    <ClCompile Include="..\..\ChessProject\Piece.cpp">
      <Filter>Source Files</Filter>
    </ClCompile>
    <ClCompile Include="..\..\ChessProject\Queen.cpp">
      <Filter>Source Files</Filter>
    </ClCompile>
    <ClCompile Include="Game.cpp">
      <Filter>Source Files</Filter>
    </ClCompile>
    <ClCompile Include="Color.cpp">
      <Filter>Source Files</Filter>
    </ClCompile>
    <ClCompile Include="..\..\ChessProject\קבצים נלווים\Source.cpp">
      <Filter>Source Files</Filter>
    </ClCompile>
    <ClCompile Include="..\..\ChessProject\קבצים נלווים\stdafx.cpp">
      <Filter>Source Files</Filter>
    </ClCompile>
  </ItemGroup>
  <ItemGroup>
    <EmbeddedResource Include="..\..\ChessProject\chessGraphics\chessGraphics\Form1.resx">
      <Filter>Source Files</Filter>
    </EmbeddedResource>
    <EmbeddedResource Include="..\..\ChessProject\chessGraphics\chessGraphics\Properties\Resources.resx">
      <Filter>Source Files</Filter>
    </EmbeddedResource>
  </ItemGroup>
  <ItemGroup>
    <None Include="..\..\ChessProject\.gitignore">
      <Filter>Source Files</Filter>
    </None>
    <None Include="..\..\ChessProject\chessProject.sln">
      <Filter>Source Files</Filter>
    </None>
    <None Include="..\..\ChessProject\chessProject.vcxproj">
      <Filter>Source Files</Filter>
    </None>
    <None Include="..\..\ChessProject\chessProject.vcxproj.filters">
      <Filter>Source Files</Filter>
    </None>
    <None Include="..\..\ChessProject\chessProject.vcxproj.user">
      <Filter>Source Files</Filter>
    </None>
  </ItemGroup>
</Project>